{
    "_readme": [
        "This file locks the dependencies of your project to a known state",
        "Read more about it at https://getcomposer.org/doc/01-basic-usage.md#installing-dependencies",
        "This file is @generated automatically"
    ],
    "content-hash": "1c59010f92d668fccf65a7f2de96ec54",
    "packages": [
        {
            "name": "izniburak/pdox",
            "version": "v1.3.5",
            "source": {
                "type": "git",
                "url": "https://github.com/izniburak/pdox.git",
                "reference": "8f3f095c934b1a84b360b6912936f267c8904f83"
            },
            "dist": {
                "type": "zip",
                "url": "https://api.github.com/repos/izniburak/pdox/zipball/8f3f095c934b1a84b360b6912936f267c8904f83",
                "reference": "8f3f095c934b1a84b360b6912936f267c8904f83",
                "shasum": ""
            },
            "require": {
                "ext-pdo": "*",
                "php": ">=5.4.0"
            },
            "type": "library",
            "autoload": {
                "psr-4": {
                    "Buki\\": "src"
                }
            },
            "notification-url": "https://packagist.org/downloads/",
            "license": [
                "MIT"
            ],
            "authors": [
                {
                    "name": "İzni Burak Demirtaş",
                    "email": "info@burakdemirtas.org",
                    "homepage": "http://burakdemirtas.org"
                }
            ],
            "description": "Useful Query Builder, PDO Class for PHP. A simple access to your SQL records.",
            "homepage": "https://github.com/izniburak/PDOx",
            "keywords": [
                "builder",
                "pdo",
                "php",
                "query",
                "sql"
            ],
            "time": "2018-12-23T18:03:46+00:00"
        },
        {
            "name": "ligne/error-handler",
            "version": "1.0.5",
            "source": {
                "type": "git",
                "url": "https://github.com/lignedev/error-handler.git",
                "reference": "8285cc42186a4f9afb53a0da32f2864852c63443"
            },
            "dist": {
                "type": "zip",
                "url": "https://api.github.com/repos/lignedev/error-handler/zipball/8285cc42186a4f9afb53a0da32f2864852c63443",
                "reference": "8285cc42186a4f9afb53a0da32f2864852c63443",
                "shasum": ""
            },
            "require": {
                "php": ">=7.1"
            },
            "type": "library",
            "autoload": {
                "psr-4": {
                    "Ligne\\": "src"
                }
            },
            "notification-url": "https://packagist.org/downloads/",
            "license": [
                "MIT"
            ],
            "authors": [
                {
                    "name": "Albert Eduardo Hidalgo Taveras",
                    "role": "Developer",
                    "email": "itsalb3rt@gmail.com"
                }
            ],
            "description": "Error Handler for Ligne PHP",
            "homepage": "https://github.com/lignedev/error-handler",
            "keywords": [
                "error handler",
                "ligne php"
            ],
            "time": "2019-07-28T00:41:19+00:00"
        }
    ],
    "packages-dev": [],
    "aliases": [],
    "minimum-stability": "stable",
    "stability-flags": [],
    "prefer-stable": false,
    "prefer-lowest": false,
    "platform": [],
    "platform-dev": []
}
